
Microsoft Visual Studio Solution File, Format Version 12.00
# Visual Studio 2013
VisualStudioVersion = 12.0.40629.0
MinimumVisualStudioVersion = 10.0.40219.1
Project("{2150E333-8FDC-42A3-9474-1A3956D46DE8}") = "Data", "Data", "{7390E75D-C01D-4A11-8EED-2F4ECC4FC9EE}"
EndProject
Project("{2150E333-8FDC-42A3-9474-1A3956D46DE8}") = "Servicio", "Servicio", "{9BDE4FB3-5EC4-41E5-AB53-0FCF4D53BB1B}"
EndProject
Project("{2150E333-8FDC-42A3-9474-1A3956D46DE8}") = "DTO", "DTO", "{038509CC-20D5-4097-AA23-AEC6B3F67F1E}"
EndProject
Project("{FAE04EC0-301F-11D3-BF4B-00C04F79EFBC}") = "DtoLib", "DtoLib\DtoLib.csproj", "{D9F4FBB8-7F86-4C1A-9568-ADA43072250C}"
EndProject
Project("{FAE04EC0-301F-11D3-BF4B-00C04F79EFBC}") = "DtoLibInventario", "DtoLibInventario\DtoLibInventario.csproj", "{8866B712-613D-498A-B285-924F6401F456}"
EndProject
Project("{2150E333-8FDC-42A3-9474-1A3956D46DE8}") = "IProvider", "IProvider", "{E2B718BE-4570-4600-93E8-C6C386CDDBA9}"
EndProject
Project("{2150E333-8FDC-42A3-9474-1A3956D46DE8}") = "Inventario", "Inventario", "{43EB102D-8CA8-4714-9692-2EB9266E33AD}"
EndProject
Project("{FAE04EC0-301F-11D3-BF4B-00C04F79EFBC}") = "ILibInventario", "ILibInventario\ILibInventario.csproj", "{FDA7C93E-2DF3-4BB2-9DB5-2212B1044C45}"
EndProject
Project("{2150E333-8FDC-42A3-9474-1A3956D46DE8}") = "Provider", "Provider", "{C5EC54CC-42D6-452C-BFC9-5724CB9BA548}"
EndProject
Project("{FAE04EC0-301F-11D3-BF4B-00C04F79EFBC}") = "ProvLibInventario", "ProvLibInventario\ProvLibInventario.csproj", "{05606FC0-751B-4E6F-9065-6CF64416B56B}"
EndProject
Project("{2150E333-8FDC-42A3-9474-1A3956D46DE8}") = "Entitys", "Entitys", "{C8AAC1D9-4315-422D-98D9-2EF1C0177640}"
EndProject
Project("{FAE04EC0-301F-11D3-BF4B-00C04F79EFBC}") = "LibEntityInventario", "LibEntityInventario\LibEntityInventario.csproj", "{74934C72-3373-4934-A741-65C0604ECD6C}"
EndProject
Project("{FAE04EC0-301F-11D3-BF4B-00C04F79EFBC}") = "ServiceInventario", "ServiceInventario\ServiceInventario.csproj", "{9E5EDD1C-34CE-4FAC-9E3A-DF48DE9F897A}"
EndProject
Project("{FAE04EC0-301F-11D3-BF4B-00C04F79EFBC}") = "ConsoleInv", "ConsoleInv\ConsoleInv.csproj", "{04B8DDE0-E5DF-444C-B777-42119FC8DD3F}"
EndProject
Project("{FAE04EC0-301F-11D3-BF4B-00C04F79EFBC}") = "ProvSqlServer", "ProvSqlServer\ProvSqlServer.csproj", "{7456ED22-FACE-4A25-8740-6147301F8352}"
EndProject
Project("{FAE04EC0-301F-11D3-BF4B-00C04F79EFBC}") = "EntitySqlServer", "EntitySqlServer\EntitySqlServer.csproj", "{A21BC388-54F1-4EF7-947B-16EEA50D78F2}"
EndProject
Global
	GlobalSection(SolutionConfigurationPlatforms) = preSolution
		Debug|Any CPU = Debug|Any CPU
		Release|Any CPU = Release|Any CPU
	EndGlobalSection
	GlobalSection(ProjectConfigurationPlatforms) = postSolution
		{D9F4FBB8-7F86-4C1A-9568-ADA43072250C}.Debug|Any CPU.ActiveCfg = Debug|Any CPU
		{D9F4FBB8-7F86-4C1A-9568-ADA43072250C}.Debug|Any CPU.Build.0 = Debug|Any CPU
		{D9F4FBB8-7F86-4C1A-9568-ADA43072250C}.Release|Any CPU.ActiveCfg = Release|Any CPU
		{D9F4FBB8-7F86-4C1A-9568-ADA43072250C}.Release|Any CPU.Build.0 = Release|Any CPU
		{8866B712-613D-498A-B285-924F6401F456}.Debug|Any CPU.ActiveCfg = Debug|Any CPU
		{8866B712-613D-498A-B285-924F6401F456}.Debug|Any CPU.Build.0 = Debug|Any CPU
		{8866B712-613D-498A-B285-924F6401F456}.Release|Any CPU.ActiveCfg = Release|Any CPU
		{8866B712-613D-498A-B285-924F6401F456}.Release|Any CPU.Build.0 = Release|Any CPU
		{FDA7C93E-2DF3-4BB2-9DB5-2212B1044C45}.Debug|Any CPU.ActiveCfg = Debug|Any CPU
		{FDA7C93E-2DF3-4BB2-9DB5-2212B1044C45}.Debug|Any CPU.Build.0 = Debug|Any CPU
		{FDA7C93E-2DF3-4BB2-9DB5-2212B1044C45}.Release|Any CPU.ActiveCfg = Release|Any CPU
		{FDA7C93E-2DF3-4BB2-9DB5-2212B1044C45}.Release|Any CPU.Build.0 = Release|Any CPU
		{05606FC0-751B-4E6F-9065-6CF64416B56B}.Debug|Any CPU.ActiveCfg = Debug|Any CPU
		{05606FC0-751B-4E6F-9065-6CF64416B56B}.Debug|Any CPU.Build.0 = Debug|Any CPU
		{05606FC0-751B-4E6F-9065-6CF64416B56B}.Release|Any CPU.ActiveCfg = Release|Any CPU
		{05606FC0-751B-4E6F-9065-6CF64416B56B}.Release|Any CPU.Build.0 = Release|Any CPU
		{74934C72-3373-4934-A741-65C0604ECD6C}.Debug|Any CPU.ActiveCfg = Debug|Any CPU
		{74934C72-3373-4934-A741-65C0604ECD6C}.Debug|Any CPU.Build.0 = Debug|Any CPU
		{74934C72-3373-4934-A741-65C0604ECD6C}.Release|Any CPU.ActiveCfg = Release|Any CPU
		{74934C72-3373-4934-A741-65C0604ECD6C}.Release|Any CPU.Build.0 = Release|Any CPU
		{9E5EDD1C-34CE-4FAC-9E3A-DF48DE9F897A}.Debug|Any CPU.ActiveCfg = Debug|Any CPU
		{9E5EDD1C-34CE-4FAC-9E3A-DF48DE9F897A}.Debug|Any CPU.Build.0 = Debug|Any CPU
		{9E5EDD1C-34CE-4FAC-9E3A-DF48DE9F897A}.Release|Any CPU.ActiveCfg = Release|Any CPU
		{9E5EDD1C-34CE-4FAC-9E3A-DF48DE9F897A}.Release|Any CPU.Build.0 = Release|Any CPU
		{04B8DDE0-E5DF-444C-B777-42119FC8DD3F}.Debug|Any CPU.ActiveCfg = Debug|Any CPU
		{04B8DDE0-E5DF-444C-B777-42119FC8DD3F}.Debug|Any CPU.Build.0 = Debug|Any CPU
		{04B8DDE0-E5DF-444C-B777-42119FC8DD3F}.Release|Any CPU.ActiveCfg = Release|Any CPU
		{04B8DDE0-E5DF-444C-B777-42119FC8DD3F}.Release|Any CPU.Build.0 = Release|Any CPU
		{7456ED22-FACE-4A25-8740-6147301F8352}.Debug|Any CPU.ActiveCfg = Debug|Any CPU
		{7456ED22-FACE-4A25-8740-6147301F8352}.Debug|Any CPU.Build.0 = Debug|Any CPU
		{7456ED22-FACE-4A25-8740-6147301F8352}.Release|Any CPU.ActiveCfg = Release|Any CPU
		{7456ED22-FACE-4A25-8740-6147301F8352}.Release|Any CPU.Build.0 = Release|Any CPU
		{A21BC388-54F1-4EF7-947B-16EEA50D78F2}.Debug|Any CPU.ActiveCfg = Debug|Any CPU
		{A21BC388-54F1-4EF7-947B-16EEA50D78F2}.Debug|Any CPU.Build.0 = Debug|Any CPU
		{A21BC388-54F1-4EF7-947B-16EEA50D78F2}.Release|Any CPU.ActiveCfg = Release|Any CPU
		{A21BC388-54F1-4EF7-947B-16EEA50D78F2}.Release|Any CPU.Build.0 = Release|Any CPU
	EndGlobalSection
	GlobalSection(SolutionProperties) = preSolution
		HideSolutionNode = FALSE
	EndGlobalSection
	GlobalSection(NestedProjects) = preSolution
		{038509CC-20D5-4097-AA23-AEC6B3F67F1E} = {7390E75D-C01D-4A11-8EED-2F4ECC4FC9EE}
		{D9F4FBB8-7F86-4C1A-9568-ADA43072250C} = {038509CC-20D5-4097-AA23-AEC6B3F67F1E}
		{8866B712-613D-498A-B285-924F6401F456} = {038509CC-20D5-4097-AA23-AEC6B3F67F1E}
		{E2B718BE-4570-4600-93E8-C6C386CDDBA9} = {7390E75D-C01D-4A11-8EED-2F4ECC4FC9EE}
		{43EB102D-8CA8-4714-9692-2EB9266E33AD} = {E2B718BE-4570-4600-93E8-C6C386CDDBA9}
		{FDA7C93E-2DF3-4BB2-9DB5-2212B1044C45} = {43EB102D-8CA8-4714-9692-2EB9266E33AD}
		{C5EC54CC-42D6-452C-BFC9-5724CB9BA548} = {7390E75D-C01D-4A11-8EED-2F4ECC4FC9EE}
		{05606FC0-751B-4E6F-9065-6CF64416B56B} = {C5EC54CC-42D6-452C-BFC9-5724CB9BA548}
		{C8AAC1D9-4315-422D-98D9-2EF1C0177640} = {7390E75D-C01D-4A11-8EED-2F4ECC4FC9EE}
		{74934C72-3373-4934-A741-65C0604ECD6C} = {C8AAC1D9-4315-422D-98D9-2EF1C0177640}
		{9E5EDD1C-34CE-4FAC-9E3A-DF48DE9F897A} = {9BDE4FB3-5EC4-41E5-AB53-0FCF4D53BB1B}
		{04B8DDE0-E5DF-444C-B777-42119FC8DD3F} = {7390E75D-C01D-4A11-8EED-2F4ECC4FC9EE}
		{7456ED22-FACE-4A25-8740-6147301F8352} = {C5EC54CC-42D6-452C-BFC9-5724CB9BA548}
		{A21BC388-54F1-4EF7-947B-16EEA50D78F2} = {C8AAC1D9-4315-422D-98D9-2EF1C0177640}
	EndGlobalSection
EndGlobal
